
Microsoft Visual Studio Solution File, Format Version 12.00
# Visual Studio Version 16
VisualStudioVersion = 16.0.31005.135
MinimumVisualStudioVersion = 10.0.40219.1
Project("{FAE04EC0-301F-11D3-BF4B-00C04F79EFBC}") = "Structure", "Structure\Structure.csproj", "{A3A0267C-D099-4EC9-9198-57ED57A29ACE}"
EndProject
Project("{FAE04EC0-301F-11D3-BF4B-00C04F79EFBC}") = "Partial_class", "Partial class\Partial_class.csproj", "{DD5CD21C-B1C3-480E-B38D-21DB25F1CC4C}"
EndProject
Global
	GlobalSection(SolutionConfigurationPlatforms) = preSolution
		Debug|Any CPU = Debug|Any CPU
		Release|Any CPU = Release|Any CPU
	EndGlobalSection
	GlobalSection(ProjectConfigurationPlatforms) = postSolution
		{A3A0267C-D099-4EC9-9198-57ED57A29ACE}.Debug|Any CPU.ActiveCfg = Debug|Any CPU
		{A3A0267C-D099-4EC9-9198-57ED57A29ACE}.Debug|Any CPU.Build.0 = Debug|Any CPU
		{A3A0267C-D099-4EC9-9198-57ED57A29ACE}.Release|Any CPU.ActiveCfg = Release|Any CPU
		{A3A0267C-D099-4EC9-9198-57ED57A29ACE}.Release|Any CPU.Build.0 = Release|Any CPU
		{DD5CD21C-B1C3-480E-B38D-21DB25F1CC4C}.Debug|Any CPU.ActiveCfg = Debug|Any CPU
		{DD5CD21C-B1C3-480E-B38D-21DB25F1CC4C}.Debug|Any CPU.Build.0 = Debug|Any CPU
		{DD5CD21C-B1C3-480E-B38D-21DB25F1CC4C}.Release|Any CPU.ActiveCfg = Release|Any CPU
		{DD5CD21C-B1C3-480E-B38D-21DB25F1CC4C}.Release|Any CPU.Build.0 = Release|Any CPU
	EndGlobalSection
	GlobalSection(SolutionProperties) = preSolution
		HideSolutionNode = FALSE
	EndGlobalSection
	GlobalSection(ExtensibilityGlobals) = postSolution
		SolutionGuid = {0A376E7C-01E2-41BB-882F-031B1963F491}
	EndGlobalSection
EndGlobal
